
Microsoft Visual Studio Solution File, Format Version 12.00
# Visual Studio 15
VisualStudioVersion = 15.0.26430.16
MinimumVisualStudioVersion = 10.0.40219.1
Project("{8BC9CEB8-8B4A-11D0-8D11-00A0C91BC942}") = "kepler", "kepler\kepler.vcxproj", "{77DC05ED-B315-44FC-8EAC-C541287CEC58}"
EndProject
Project("{8BC9CEB8-8B4A-11D0-8D11-00A0C91BC942}") = "unittests", "unittests\unittests.vcxproj", "{D6CCDEFC-9166-4303-8231-894DC7F88129}"
EndProject
Project("{8BC9CEB8-8B4A-11D0-8D11-00A0C91BC942}") = "test-suite", "test-suite\test-suite.vcxproj", "{6DF64E64-ED12-4C61-840F-5DC5AFE2EEA7}"
EndProject
Project("{8BC9CEB8-8B4A-11D0-8D11-00A0C91BC942}") = "test-app", "test-app\test-app.vcxproj", "{86E0787F-EC79-408B-81AE-C89962A82241}"
EndProject
Project("{8BC9CEB8-8B4A-11D0-8D11-00A0C91BC942}") = "vulkan-app", "vulkan-app\vulkan-app.vcxproj", "{2452BA0A-88DF-4C91-90B1-2BB042068BC5}"
EndProject
Global
	GlobalSection(SolutionConfigurationPlatforms) = preSolution
		Debug|x64 = Debug|x64
		Release|x64 = Release|x64
	EndGlobalSection
	GlobalSection(ProjectConfigurationPlatforms) = postSolution
		{77DC05ED-B315-44FC-8EAC-C541287CEC58}.Debug|x64.ActiveCfg = Debug|x64
		{77DC05ED-B315-44FC-8EAC-C541287CEC58}.Debug|x64.Build.0 = Debug|x64
		{77DC05ED-B315-44FC-8EAC-C541287CEC58}.Release|x64.ActiveCfg = Release|x64
		{77DC05ED-B315-44FC-8EAC-C541287CEC58}.Release|x64.Build.0 = Release|x64
		{D6CCDEFC-9166-4303-8231-894DC7F88129}.Debug|x64.ActiveCfg = Debug|x64
		{D6CCDEFC-9166-4303-8231-894DC7F88129}.Debug|x64.Build.0 = Debug|x64
		{D6CCDEFC-9166-4303-8231-894DC7F88129}.Release|x64.ActiveCfg = Release|x64
		{D6CCDEFC-9166-4303-8231-894DC7F88129}.Release|x64.Build.0 = Release|x64
		{6DF64E64-ED12-4C61-840F-5DC5AFE2EEA7}.Debug|x64.ActiveCfg = Debug|x64
		{6DF64E64-ED12-4C61-840F-5DC5AFE2EEA7}.Debug|x64.Build.0 = Debug|x64
		{6DF64E64-ED12-4C61-840F-5DC5AFE2EEA7}.Release|x64.ActiveCfg = Release|x64
		{6DF64E64-ED12-4C61-840F-5DC5AFE2EEA7}.Release|x64.Build.0 = Release|x64
		{86E0787F-EC79-408B-81AE-C89962A82241}.Debug|x64.ActiveCfg = Debug|x64
		{86E0787F-EC79-408B-81AE-C89962A82241}.Debug|x64.Build.0 = Debug|x64
		{86E0787F-EC79-408B-81AE-C89962A82241}.Release|x64.ActiveCfg = Release|x64
		{86E0787F-EC79-408B-81AE-C89962A82241}.Release|x64.Build.0 = Release|x64
		{2452BA0A-88DF-4C91-90B1-2BB042068BC5}.Debug|x64.ActiveCfg = Debug|x64
		{2452BA0A-88DF-4C91-90B1-2BB042068BC5}.Debug|x64.Build.0 = Debug|x64
		{2452BA0A-88DF-4C91-90B1-2BB042068BC5}.Release|x64.ActiveCfg = Release|x64
		{2452BA0A-88DF-4C91-90B1-2BB042068BC5}.Release|x64.Build.0 = Release|x64
	EndGlobalSection
	GlobalSection(SolutionProperties) = preSolution
		HideSolutionNode = FALSE
	EndGlobalSection
EndGlobal
