
Microsoft Visual Studio Solution File, Format Version 12.00
# Visual Studio 15
VisualStudioVersion = 15.0.26430.16
MinimumVisualStudioVersion = 10.0.40219.1
Project("{8BC9CEB8-8B4A-11D0-8D11-00A0C91BC942}") = "kepler", "kepler\kepler.vcxproj", "{77DC05ED-B315-44FC-8EAC-C541287CEC58}"
EndProject
Project("{8BC9CEB8-8B4A-11D0-8D11-00A0C91BC942}") = "kepler-gl", "kepler-gl\kepler-gl.vcxproj", "{2ECE3F94-195A-4D08-BB40-55A158FECB75}"
	ProjectSection(ProjectDependencies) = postProject
		{77DC05ED-B315-44FC-8EAC-C541287CEC58} = {77DC05ED-B315-44FC-8EAC-C541287CEC58}
	EndProjectSection
EndProject
Project("{2150E333-8FDC-42A3-9474-1A3956D46DE8}") = "opengl", "opengl", "{D20FFC24-9FE2-46EB-97F6-1D8D9340AA8B}"
EndProject
Project("{8BC9CEB8-8B4A-11D0-8D11-00A0C91BC942}") = "unittests", "test-gl\unittests\unittests.vcxproj", "{D6CCDEFC-9166-4303-8231-894DC7F88129}"
EndProject
Project("{8BC9CEB8-8B4A-11D0-8D11-00A0C91BC942}") = "test-app", "test-gl\test-app\test-app.vcxproj", "{86E0787F-EC79-408B-81AE-C89962A82241}"
EndProject
Project("{2150E333-8FDC-42A3-9474-1A3956D46DE8}") = "kepler-lib", "kepler-lib", "{AAD14A63-2515-4AA2-B53A-328D1338A6FB}"
EndProject
Project("{8BC9CEB8-8B4A-11D0-8D11-00A0C91BC942}") = "test-suite", "test-gl\test-suite\test-suite.vcxproj", "{6DF64E64-ED12-4C61-840F-5DC5AFE2EEA7}"
EndProject
Project("{8BC9CEB8-8B4A-11D0-8D11-00A0C91BC942}") = "kepler-vk", "kepler-vk\kepler-vk.vcxproj", "{C94BA192-D2F5-455C-ACEA-B248CA8D7772}"
EndProject
Project("{2150E333-8FDC-42A3-9474-1A3956D46DE8}") = "vulkan", "vulkan", "{36B1A426-42FC-499B-BC2B-544C6AAD57A6}"
EndProject
Project("{8BC9CEB8-8B4A-11D0-8D11-00A0C91BC942}") = "test-app", "test-vk\test-app\test-app.vcxproj", "{D28C6C68-FDF2-4B53-97E2-5B6F6D13E50A}"
EndProject
Global
	GlobalSection(SolutionConfigurationPlatforms) = preSolution
		Debug|x64 = Debug|x64
		Release|x64 = Release|x64
	EndGlobalSection
	GlobalSection(ProjectConfigurationPlatforms) = postSolution
		{77DC05ED-B315-44FC-8EAC-C541287CEC58}.Debug|x64.ActiveCfg = Debug|x64
		{77DC05ED-B315-44FC-8EAC-C541287CEC58}.Debug|x64.Build.0 = Debug|x64
		{77DC05ED-B315-44FC-8EAC-C541287CEC58}.Release|x64.ActiveCfg = Release|x64
		{77DC05ED-B315-44FC-8EAC-C541287CEC58}.Release|x64.Build.0 = Release|x64
		{2ECE3F94-195A-4D08-BB40-55A158FECB75}.Debug|x64.ActiveCfg = Debug|x64
		{2ECE3F94-195A-4D08-BB40-55A158FECB75}.Debug|x64.Build.0 = Debug|x64
		{2ECE3F94-195A-4D08-BB40-55A158FECB75}.Release|x64.ActiveCfg = Release|x64
		{2ECE3F94-195A-4D08-BB40-55A158FECB75}.Release|x64.Build.0 = Release|x64
		{D6CCDEFC-9166-4303-8231-894DC7F88129}.Debug|x64.ActiveCfg = Debug|x64
		{D6CCDEFC-9166-4303-8231-894DC7F88129}.Debug|x64.Build.0 = Debug|x64
		{D6CCDEFC-9166-4303-8231-894DC7F88129}.Release|x64.ActiveCfg = Release|x64
		{D6CCDEFC-9166-4303-8231-894DC7F88129}.Release|x64.Build.0 = Release|x64
		{86E0787F-EC79-408B-81AE-C89962A82241}.Debug|x64.ActiveCfg = Debug|x64
		{86E0787F-EC79-408B-81AE-C89962A82241}.Debug|x64.Build.0 = Debug|x64
		{86E0787F-EC79-408B-81AE-C89962A82241}.Release|x64.ActiveCfg = Release|x64
		{86E0787F-EC79-408B-81AE-C89962A82241}.Release|x64.Build.0 = Release|x64
		{6DF64E64-ED12-4C61-840F-5DC5AFE2EEA7}.Debug|x64.ActiveCfg = Debug|x64
		{6DF64E64-ED12-4C61-840F-5DC5AFE2EEA7}.Debug|x64.Build.0 = Debug|x64
		{6DF64E64-ED12-4C61-840F-5DC5AFE2EEA7}.Release|x64.ActiveCfg = Release|x64
		{6DF64E64-ED12-4C61-840F-5DC5AFE2EEA7}.Release|x64.Build.0 = Release|x64
		{C94BA192-D2F5-455C-ACEA-B248CA8D7772}.Debug|x64.ActiveCfg = Debug|x64
		{C94BA192-D2F5-455C-ACEA-B248CA8D7772}.Debug|x64.Build.0 = Debug|x64
		{C94BA192-D2F5-455C-ACEA-B248CA8D7772}.Release|x64.ActiveCfg = Release|x64
		{C94BA192-D2F5-455C-ACEA-B248CA8D7772}.Release|x64.Build.0 = Release|x64
		{D28C6C68-FDF2-4B53-97E2-5B6F6D13E50A}.Debug|x64.ActiveCfg = Debug|x64
		{D28C6C68-FDF2-4B53-97E2-5B6F6D13E50A}.Debug|x64.Build.0 = Debug|x64
		{D28C6C68-FDF2-4B53-97E2-5B6F6D13E50A}.Release|x64.ActiveCfg = Release|x64
		{D28C6C68-FDF2-4B53-97E2-5B6F6D13E50A}.Release|x64.Build.0 = Release|x64
	EndGlobalSection
	GlobalSection(SolutionProperties) = preSolution
		HideSolutionNode = FALSE
	EndGlobalSection
	GlobalSection(NestedProjects) = preSolution
		{77DC05ED-B315-44FC-8EAC-C541287CEC58} = {AAD14A63-2515-4AA2-B53A-328D1338A6FB}
		{2ECE3F94-195A-4D08-BB40-55A158FECB75} = {AAD14A63-2515-4AA2-B53A-328D1338A6FB}
		{D6CCDEFC-9166-4303-8231-894DC7F88129} = {D20FFC24-9FE2-46EB-97F6-1D8D9340AA8B}
		{86E0787F-EC79-408B-81AE-C89962A82241} = {D20FFC24-9FE2-46EB-97F6-1D8D9340AA8B}
		{6DF64E64-ED12-4C61-840F-5DC5AFE2EEA7} = {D20FFC24-9FE2-46EB-97F6-1D8D9340AA8B}
		{C94BA192-D2F5-455C-ACEA-B248CA8D7772} = {AAD14A63-2515-4AA2-B53A-328D1338A6FB}
		{D28C6C68-FDF2-4B53-97E2-5B6F6D13E50A} = {36B1A426-42FC-499B-BC2B-544C6AAD57A6}
	EndGlobalSection
EndGlobal
