<?xml version="1.0" encoding="utf-8"?>
<Project ToolsVersion="4.0" xmlns="http://schemas.microsoft.com/developer/msbuild/2003">
  <ItemGroup>
    <Filter Include="src">
      <UniqueIdentifier>{a2598c6b-2f58-4de2-b423-5b37818a7e8d}</UniqueIdentifier>
    </Filter>
    <Filter Include="res">
      <UniqueIdentifier>{e7a41c39-0111-4c5c-bc63-eb0ef05ede00}</UniqueIdentifier>
    </Filter>
  </ItemGroup>
  <ItemGroup>
    <ClCompile Include="src\MainMenu.cpp">
      <Filter>src</Filter>
    </ClCompile>
    <ClCompile Include="src\SceneTest.cpp">
      <Filter>src</Filter>
    </ClCompile>
    <ClCompile Include="src\TextTest.cpp">
      <Filter>src</Filter>
    </ClCompile>
  </ItemGroup>
  <ItemGroup>
    <ClInclude Include="src\MainMenu.hpp">
      <Filter>src</Filter>
    </ClInclude>
    <ClInclude Include="src\SceneTest.hpp">
      <Filter>src</Filter>
    </ClInclude>
    <ClInclude Include="src\TextTest.hpp">
      <Filter>src</Filter>
    </ClInclude>
  </ItemGroup>
</Project>