<?xml version="1.0" encoding="utf-8"?>
<Project ToolsVersion="4.0" xmlns="http://schemas.microsoft.com/developer/msbuild/2003">
  <ItemGroup>
    <Filter Include="src">
      <UniqueIdentifier>{3cca19ed-9ee8-4c7e-807f-b19eceb69153}</UniqueIdentifier>
    </Filter>
    <Filter Include="src\Base">
      <UniqueIdentifier>{3aff1b8d-d3ea-4a20-9f90-a629afd61fdb}</UniqueIdentifier>
    </Filter>
    <Filter Include="src\Platform">
      <UniqueIdentifier>{0be2a814-7b9e-444c-8ab3-187560d6cf64}</UniqueIdentifier>
    </Filter>
    <Filter Include="src\Vulkan">
      <UniqueIdentifier>{6c601c69-e63c-43e9-b161-be1cad5150e0}</UniqueIdentifier>
    </Filter>
  </ItemGroup>
  <ItemGroup>
    <ClCompile Include="src\stdafx.cpp">
      <Filter>src\Base</Filter>
    </ClCompile>
    <ClCompile Include="src\AppVk.cpp">
      <Filter>src\Platform</Filter>
    </ClCompile>
    <ClCompile Include="src\VmaAllocator.cpp">
      <Filter>src\Vulkan</Filter>
    </ClCompile>
    <ClCompile Include="src\VulkanState.cpp">
      <Filter>src\Vulkan</Filter>
    </ClCompile>
    <ClCompile Include="src\Buffer.cpp">
      <Filter>src\Vulkan</Filter>
    </ClCompile>
  </ItemGroup>
  <ItemGroup>
    <ClInclude Include="src\stdafx.h">
      <Filter>src\Base</Filter>
    </ClInclude>
    <ClInclude Include="src\targetver.h">
      <Filter>src\Base</Filter>
    </ClInclude>
    <ClInclude Include="src\BaseVk.hpp">
      <Filter>src\Base</Filter>
    </ClInclude>
    <ClInclude Include="src\AppVk.hpp">
      <Filter>src\Platform</Filter>
    </ClInclude>
    <ClInclude Include="src\VulkanState.hpp">
      <Filter>src\Vulkan</Filter>
    </ClInclude>
    <ClInclude Include="src\VulkanUtils.hpp">
      <Filter>src\Vulkan</Filter>
    </ClInclude>
    <ClInclude Include="src\Buffer.hpp">
      <Filter>src\Vulkan</Filter>
    </ClInclude>
  </ItemGroup>
</Project>